
Microsoft Visual Studio Solution File, Format Version 12.00
# Visual Studio Version 16
VisualStudioVersion = 16.0.30225.117
MinimumVisualStudioVersion = 10.0.40219.1
Project("{9A19103F-16F7-4668-BE54-9A1E7A4F7556}") = "DrReport", "DrReport\DrReport.csproj", "{D577084A-E4F4-4187-8F46-06003A510D1A}"
EndProject
Global
	GlobalSection(SolutionConfigurationPlatforms) = preSolution
		Debug|Any CPU = Debug|Any CPU
		Release|Any CPU = Release|Any CPU
	EndGlobalSection
	GlobalSection(ProjectConfigurationPlatforms) = postSolution
		{D577084A-E4F4-4187-8F46-06003A510D1A}.Debug|Any CPU.ActiveCfg = Debug|Any CPU
		{D577084A-E4F4-4187-8F46-06003A510D1A}.Debug|Any CPU.Build.0 = Debug|Any CPU
		{D577084A-E4F4-4187-8F46-06003A510D1A}.Release|Any CPU.ActiveCfg = Release|Any CPU
		{D577084A-E4F4-4187-8F46-06003A510D1A}.Release|Any CPU.Build.0 = Release|Any CPU
	EndGlobalSection
	GlobalSection(SolutionProperties) = preSolution
		HideSolutionNode = FALSE
	EndGlobalSection
	GlobalSection(ExtensibilityGlobals) = postSolution
		SolutionGuid = {CE5CAF54-B37E-494F-B4FE-8BB2EA635901}
	EndGlobalSection
EndGlobal
